
Microsoft Visual Studio Solution File, Format Version 12.00
# Visual Studio Version 17
VisualStudioVersion = 17.9.34728.123
MinimumVisualStudioVersion = 10.0.40219.1
Project("{888888A0-9F3D-457C-B088-3A5042F75D52}") = "ImageResizer", "ImageResizer.pyproj", "{748728BC-4731-49B0-9056-AE8A799F69FA}"
EndProject
Global
	GlobalSection(SolutionConfigurationPlatforms) = preSolution
		Debug|Any CPU = Debug|Any CPU
		Release|Any CPU = Release|Any CPU
	EndGlobalSection
	GlobalSection(ProjectConfigurationPlatforms) = postSolution
		{748728BC-4731-49B0-9056-AE8A799F69FA}.Debug|Any CPU.ActiveCfg = Debug|Any CPU
		{748728BC-4731-49B0-9056-AE8A799F69FA}.Release|Any CPU.ActiveCfg = Release|Any CPU
	EndGlobalSection
	GlobalSection(SolutionProperties) = preSolution
		HideSolutionNode = FALSE
	EndGlobalSection
	GlobalSection(ExtensibilityGlobals) = postSolution
		SolutionGuid = {50BAD47B-D3D9-4D0A-A64E-69209E8168D3}
	EndGlobalSection
EndGlobal
